
Microsoft Visual Studio Solution File, Format Version 12.00
# Visual Studio Version 17
VisualStudioVersion = 17.3.32929.385
MinimumVisualStudioVersion = 10.0.40219.1
Project("{FAE04EC0-301F-11D3-BF4B-00C04F79EFBC}") = "iCuplusupdater", "iCuplusupdater\iCuplusupdater.csproj", "{5BE8FAA1-0BCD-4D7B-9C0F-D3EE944ADBD5}"
EndProject
Global
	GlobalSection(SolutionConfigurationPlatforms) = preSolution
		Debug|Any CPU = Debug|Any CPU
		Release|Any CPU = Release|Any CPU
	EndGlobalSection
	GlobalSection(ProjectConfigurationPlatforms) = postSolution
		{5BE8FAA1-0BCD-4D7B-9C0F-D3EE944ADBD5}.Debug|Any CPU.ActiveCfg = Debug|Any CPU
		{5BE8FAA1-0BCD-4D7B-9C0F-D3EE944ADBD5}.Debug|Any CPU.Build.0 = Debug|Any CPU
		{5BE8FAA1-0BCD-4D7B-9C0F-D3EE944ADBD5}.Release|Any CPU.ActiveCfg = Release|Any CPU
		{5BE8FAA1-0BCD-4D7B-9C0F-D3EE944ADBD5}.Release|Any CPU.Build.0 = Release|Any CPU
	EndGlobalSection
	GlobalSection(SolutionProperties) = preSolution
		HideSolutionNode = FALSE
	EndGlobalSection
	GlobalSection(ExtensibilityGlobals) = postSolution
		SolutionGuid = {88107BAE-9D44-4A66-BCAE-64040D4A7477}
	EndGlobalSection
EndGlobal
